
Microsoft Visual Studio Solution File, Format Version 12.00
# Visual Studio Version 16
VisualStudioVersion = 16.0.28729.10
MinimumVisualStudioVersion = 10.0.40219.1
Project("{FAE04EC0-301F-11D3-BF4B-00C04F79EFBC}") = "FileAES", "FileAES\FileAES.csproj", "{98E9CFC1-84D8-4BD0-B728-97A9E294DA6B}"
EndProject
Project("{9A19103F-16F7-4668-BE54-9A1E7A4F7556}") = "FAES", "..\FAES\FAES\FAES.csproj", "{46365F22-AFCB-42ED-964C-BDB282449FA3}"
EndProject
Project("{FAE04EC0-301F-11D3-BF4B-00C04F79EFBC}") = "SimpleSettingsManager", "..\..\SSM\SimpleSettingsManager\SimpleSettingsManager\SimpleSettingsManager.csproj", "{B4E5C358-6C6C-48F5-8D50-B6179070AFBB}"
EndProject
Global
	GlobalSection(SolutionConfigurationPlatforms) = preSolution
		Debug|Any CPU = Debug|Any CPU
		Release|Any CPU = Release|Any CPU
	EndGlobalSection
	GlobalSection(ProjectConfigurationPlatforms) = postSolution
		{98E9CFC1-84D8-4BD0-B728-97A9E294DA6B}.Debug|Any CPU.ActiveCfg = Debug|Any CPU
		{98E9CFC1-84D8-4BD0-B728-97A9E294DA6B}.Debug|Any CPU.Build.0 = Debug|Any CPU
		{98E9CFC1-84D8-4BD0-B728-97A9E294DA6B}.Release|Any CPU.ActiveCfg = Release|Any CPU
		{98E9CFC1-84D8-4BD0-B728-97A9E294DA6B}.Release|Any CPU.Build.0 = Release|Any CPU
		{46365F22-AFCB-42ED-964C-BDB282449FA3}.Debug|Any CPU.ActiveCfg = Debug|Any CPU
		{46365F22-AFCB-42ED-964C-BDB282449FA3}.Debug|Any CPU.Build.0 = Debug|Any CPU
		{46365F22-AFCB-42ED-964C-BDB282449FA3}.Release|Any CPU.ActiveCfg = Release|Any CPU
		{46365F22-AFCB-42ED-964C-BDB282449FA3}.Release|Any CPU.Build.0 = Release|Any CPU
		{B4E5C358-6C6C-48F5-8D50-B6179070AFBB}.Debug|Any CPU.ActiveCfg = Debug|Any CPU
		{B4E5C358-6C6C-48F5-8D50-B6179070AFBB}.Debug|Any CPU.Build.0 = Debug|Any CPU
		{B4E5C358-6C6C-48F5-8D50-B6179070AFBB}.Release|Any CPU.ActiveCfg = Release|Any CPU
		{B4E5C358-6C6C-48F5-8D50-B6179070AFBB}.Release|Any CPU.Build.0 = Release|Any CPU
	EndGlobalSection
	GlobalSection(SolutionProperties) = preSolution
		HideSolutionNode = FALSE
	EndGlobalSection
	GlobalSection(ExtensibilityGlobals) = postSolution
		SolutionGuid = {C438D00A-99B5-4AD3-AC69-77EE1781CC4D}
	EndGlobalSection
EndGlobal
